
Microsoft Visual Studio Solution File, Format Version 12.00
# Visual Studio Version 16
VisualStudioVersion = 16.0.31702.278
MinimumVisualStudioVersion = 10.0.40219.1
Project("{FAE04EC0-301F-11D3-BF4B-00C04F79EFBC}") = "sda-csharp-exercises", "sda-csharp-exercises.csproj", "{52C16D50-B31C-4A07-B187-9AEF0D160CBB}"
EndProject
Global
	GlobalSection(SolutionConfigurationPlatforms) = preSolution
		Debug|Any CPU = Debug|Any CPU
		Release|Any CPU = Release|Any CPU
	EndGlobalSection
	GlobalSection(ProjectConfigurationPlatforms) = postSolution
		{52C16D50-B31C-4A07-B187-9AEF0D160CBB}.Debug|Any CPU.ActiveCfg = Debug|Any CPU
		{52C16D50-B31C-4A07-B187-9AEF0D160CBB}.Debug|Any CPU.Build.0 = Debug|Any CPU
		{52C16D50-B31C-4A07-B187-9AEF0D160CBB}.Release|Any CPU.ActiveCfg = Release|Any CPU
		{52C16D50-B31C-4A07-B187-9AEF0D160CBB}.Release|Any CPU.Build.0 = Release|Any CPU
	EndGlobalSection
	GlobalSection(SolutionProperties) = preSolution
		HideSolutionNode = FALSE
	EndGlobalSection
	GlobalSection(ExtensibilityGlobals) = postSolution
		SolutionGuid = {A8EE8879-4875-4BE2-9042-094DCCBE99FE}
	EndGlobalSection
EndGlobal
